
Microsoft Visual Studio Solution File, Format Version 12.00
# Visual Studio 14
VisualStudioVersion = 14.0.25123.0
MinimumVisualStudioVersion = 10.0.40219.1
Project("{FAE04EC0-301F-11D3-BF4B-00C04F79EFBC}") = "GorenjeDashboard", "GorenjeDashboard\GorenjeDashboard.csproj", "{B3310268-795C-408C-A889-0E44F9D7C602}"
EndProject
Global
	GlobalSection(SolutionConfigurationPlatforms) = preSolution
		Debug|Any CPU = Debug|Any CPU
		Release|Any CPU = Release|Any CPU
	EndGlobalSection
	GlobalSection(ProjectConfigurationPlatforms) = postSolution
		{B3310268-795C-408C-A889-0E44F9D7C602}.Debug|Any CPU.ActiveCfg = Debug|Any CPU
		{B3310268-795C-408C-A889-0E44F9D7C602}.Debug|Any CPU.Build.0 = Debug|Any CPU
		{B3310268-795C-408C-A889-0E44F9D7C602}.Release|Any CPU.ActiveCfg = Release|Any CPU
		{B3310268-795C-408C-A889-0E44F9D7C602}.Release|Any CPU.Build.0 = Release|Any CPU
	EndGlobalSection
	GlobalSection(SolutionProperties) = preSolution
		HideSolutionNode = FALSE
	EndGlobalSection
EndGlobal
